{
  "name": "asp.net",
  "version": "1.0.0",
  "lockfileVersion": 1,
  "requires": true,
  "dependencies": {
    "@uirouter/core": {
      "version": "6.0.4",
      "resolved": "https://registry.npmjs.org/@uirouter/core/-/core-6.0.4.tgz",
      "integrity": "sha512-TQ9XOzZY+jmWKkU4993MAEBIy7Bs3kijDzj+A6RHR8gq/3UoQm3Q/l1igfao5GZyBjid7eRVeipPK14ovCYQ3g=="
    },
    "angular": {
      "version": "1.7.9",
      "resolved": "https://registry.npmjs.org/angular/-/angular-1.7.9.tgz",
      "integrity": "sha512-5se7ZpcOtu0MBFlzGv5dsM1quQDoDeUTwZrWjGtTNA7O88cD8TEk5IEKCTDa3uECV9XnvKREVUr7du1ACiWGFQ=="
    },
    "angular-filter": {
      "version": "0.5.17",
      "resolved": "https://registry.npmjs.org/angular-filter/-/angular-filter-0.5.17.tgz",
      "integrity": "sha1-YMDHOA/UWHLLjxCAHP4H4VQGKTU=",
      "requires": {
        "angular": "*"
      }
    },
    "angular-odata-resources": {
      "version": "1.0.0",
      "resolved": "https://registry.npmjs.org/angular-odata-resources/-/angular-odata-resources-1.0.0.tgz",
      "integrity": "sha1-ey5r7P7PNbiWf2pV0+YGxGZ3Wjs=",
      "requires": {
        "es5-shim": "^4.5.8"
      }
    },
    "angular-ui-router": {
      "version": "1.0.25",
      "resolved": "https://registry.npmjs.org/angular-ui-router/-/angular-ui-router-1.0.25.tgz",
      "integrity": "sha512-NCjwfGWQiqBx22OyAm6hsAWvlo431uUlY2ccg9kXkvb3zCLQGSJ6pGo1AGLtRAKdZvrEHiIExhawyrVPkYp0VA==",
      "requires": {
        "@uirouter/core": "6.0.4"
      }
    },
    "bootstrap": {
      "version": "3.3.7",
      "resolved": "https://registry.npmjs.org/bootstrap/-/bootstrap-3.3.7.tgz",
      "integrity": "sha1-WjiTlFSfIzMIdaOxUGVldPip63E="
    },
    "components-font-awesome": {
      "version": "5.9.0",
      "resolved": "https://registry.npmjs.org/components-font-awesome/-/components-font-awesome-5.9.0.tgz",
      "integrity": "sha512-AjY5WwmKripvroQ1oYpCC4eK8efavSKUGN/ATgwcbyz/kRmojslH8l6Mrlxq071bdzBrZvCxi+RKgU5ao3bU+A=="
    },
    "es5-shim": {
      "version": "4.5.14",
      "resolved": "https://registry.npmjs.org/es5-shim/-/es5-shim-4.5.14.tgz",
      "integrity": "sha512-7SwlpL+2JpymWTt8sNLuC2zdhhc+wrfe5cMPI2j0o6WsPdfAiPwmFy2f0AocPB4RQVBOZ9kNTgi5YF7TdhkvEg=="
    }
  }
}
