
Microsoft Visual Studio Solution File, Format Version 12.00
# Visual Studio Version 16
VisualStudioVersion = 16.0.29905.134
MinimumVisualStudioVersion = 10.0.40219.1
Project("{FAE04EC0-301F-11D3-BF4B-00C04F79EFBC}") = "AngularHybridApplication.Core", "AngularHybridApplication.Core\AngularHybridApplication.Core.csproj", "{B14846C6-7D3D-467C-9445-FD447DAF89DD}"
EndProject
Project("{FAE04EC0-301F-11D3-BF4B-00C04F79EFBC}") = "AngularHybridApplication.Web", "AngularHybridApplication.Web\AngularHybridApplication.Web.csproj", "{C8AD4BC6-D73F-41DB-AF20-C73E2549BB6E}"
EndProject
Global
	GlobalSection(SolutionConfigurationPlatforms) = preSolution
		Debug|Any CPU = Debug|Any CPU
		Release|Any CPU = Release|Any CPU
	EndGlobalSection
	GlobalSection(ProjectConfigurationPlatforms) = postSolution
		{B14846C6-7D3D-467C-9445-FD447DAF89DD}.Debug|Any CPU.ActiveCfg = Debug|Any CPU
		{B14846C6-7D3D-467C-9445-FD447DAF89DD}.Debug|Any CPU.Build.0 = Debug|Any CPU
		{B14846C6-7D3D-467C-9445-FD447DAF89DD}.Release|Any CPU.ActiveCfg = Release|Any CPU
		{B14846C6-7D3D-467C-9445-FD447DAF89DD}.Release|Any CPU.Build.0 = Release|Any CPU
		{C8AD4BC6-D73F-41DB-AF20-C73E2549BB6E}.Debug|Any CPU.ActiveCfg = Debug|Any CPU
		{C8AD4BC6-D73F-41DB-AF20-C73E2549BB6E}.Debug|Any CPU.Build.0 = Debug|Any CPU
		{C8AD4BC6-D73F-41DB-AF20-C73E2549BB6E}.Release|Any CPU.ActiveCfg = Release|Any CPU
		{C8AD4BC6-D73F-41DB-AF20-C73E2549BB6E}.Release|Any CPU.Build.0 = Release|Any CPU
	EndGlobalSection
	GlobalSection(SolutionProperties) = preSolution
		HideSolutionNode = FALSE
	EndGlobalSection
	GlobalSection(ExtensibilityGlobals) = postSolution
		SolutionGuid = {32F58ED3-25A1-49B0-9074-AAA8D1486BF0}
	EndGlobalSection
EndGlobal
